
Microsoft Visual Studio Solution File, Format Version 12.00
# Visual Studio 15
VisualStudioVersion = 15.0.26730.12
MinimumVisualStudioVersion = 10.0.40219.1
Project("{8BC9CEB8-8B4A-11D0-8D11-00A0C91BC942}") = "DSA_Assignment", "DSA_Assignment.vcxproj", "{A244035D-11EC-4EE9-9A26-4799D67650DF}"
EndProject
Global
	GlobalSection(SolutionConfigurationPlatforms) = preSolution
		Debug|x64 = Debug|x64
		Debug|x86 = Debug|x86
		Release|x64 = Release|x64
		Release|x86 = Release|x86
	EndGlobalSection
	GlobalSection(ProjectConfigurationPlatforms) = postSolution
		{A244035D-11EC-4EE9-9A26-4799D67650DF}.Debug|x64.ActiveCfg = Debug|x64
		{A244035D-11EC-4EE9-9A26-4799D67650DF}.Debug|x64.Build.0 = Debug|x64
		{A244035D-11EC-4EE9-9A26-4799D67650DF}.Debug|x86.ActiveCfg = Debug|Win32
		{A244035D-11EC-4EE9-9A26-4799D67650DF}.Debug|x86.Build.0 = Debug|Win32
		{A244035D-11EC-4EE9-9A26-4799D67650DF}.Release|x64.ActiveCfg = Release|x64
		{A244035D-11EC-4EE9-9A26-4799D67650DF}.Release|x64.Build.0 = Release|x64
		{A244035D-11EC-4EE9-9A26-4799D67650DF}.Release|x86.ActiveCfg = Release|Win32
		{A244035D-11EC-4EE9-9A26-4799D67650DF}.Release|x86.Build.0 = Release|Win32
	EndGlobalSection
	GlobalSection(SolutionProperties) = preSolution
		HideSolutionNode = FALSE
	EndGlobalSection
	GlobalSection(ExtensibilityGlobals) = postSolution
		SolutionGuid = {25A30289-BB4A-4590-9A7A-0674D7E31E7C}
	EndGlobalSection
EndGlobal
